
Microsoft Visual Studio Solution File, Format Version 12.00
# Visual Studio Version 16
VisualStudioVersion = 16.0.31515.178
MinimumVisualStudioVersion = 10.0.40219.1
Project("{FAE04EC0-301F-11D3-BF4B-00C04F79EFBC}") = "BankingSystem", "BankingSystem\BankingSystem.csproj", "{396C1009-5E0D-4A78-8BF9-0C72C0C64A6C}"
EndProject
Global
	GlobalSection(SolutionConfigurationPlatforms) = preSolution
		Debug|Any CPU = Debug|Any CPU
		Release|Any CPU = Release|Any CPU
	EndGlobalSection
	GlobalSection(ProjectConfigurationPlatforms) = postSolution
		{396C1009-5E0D-4A78-8BF9-0C72C0C64A6C}.Debug|Any CPU.ActiveCfg = Debug|Any CPU
		{396C1009-5E0D-4A78-8BF9-0C72C0C64A6C}.Debug|Any CPU.Build.0 = Debug|Any CPU
		{396C1009-5E0D-4A78-8BF9-0C72C0C64A6C}.Release|Any CPU.ActiveCfg = Release|Any CPU
		{396C1009-5E0D-4A78-8BF9-0C72C0C64A6C}.Release|Any CPU.Build.0 = Release|Any CPU
	EndGlobalSection
	GlobalSection(SolutionProperties) = preSolution
		HideSolutionNode = FALSE
	EndGlobalSection
	GlobalSection(ExtensibilityGlobals) = postSolution
		SolutionGuid = {5AC688AE-F8DC-42D8-B791-2E788632D93D}
	EndGlobalSection
EndGlobal
