
Microsoft Visual Studio Solution File, Format Version 12.00
# Visual Studio Version 16
VisualStudioVersion = 16.0.810.8
MinimumVisualStudioVersion = 10.0.40219.1
Project("{FAE04EC0-301F-11D3-BF4B-00C04F79EFBC}") = "HelloWorld", "HelloWorld.csproj", "{4CA633C3-8A52-4644-BD6D-590386C5004E}"
EndProject
Global
	GlobalSection(SolutionConfigurationPlatforms) = preSolution
		Debug|Any CPU = Debug|Any CPU
		Release|Any CPU = Release|Any CPU
	EndGlobalSection
	GlobalSection(ProjectConfigurationPlatforms) = postSolution
		{4CA633C3-8A52-4644-BD6D-590386C5004E}.Debug|Any CPU.ActiveCfg = Debug|Any CPU
		{4CA633C3-8A52-4644-BD6D-590386C5004E}.Debug|Any CPU.Build.0 = Debug|Any CPU
		{4CA633C3-8A52-4644-BD6D-590386C5004E}.Release|Any CPU.ActiveCfg = Release|Any CPU
		{4CA633C3-8A52-4644-BD6D-590386C5004E}.Release|Any CPU.Build.0 = Release|Any CPU
	EndGlobalSection
	GlobalSection(SolutionProperties) = preSolution
		HideSolutionNode = FALSE
	EndGlobalSection
	GlobalSection(ExtensibilityGlobals) = postSolution
		SolutionGuid = {E36278B2-7A15-4ECC-AA19-96773F5E2CC5}
	EndGlobalSection
EndGlobal
